
Microsoft Visual Studio Solution File, Format Version 12.00
# Visual Studio Version 16
VisualStudioVersion = 16.0.30523.141
MinimumVisualStudioVersion = 10.0.40219.1
Project("{FAE04EC0-301F-11D3-BF4B-00C04F79EFBC}") = "Interpreter", "Interpreter\Interpreter.csproj", "{C1312A5A-A50D-4BB1-95A1-8C15DB74D189}"
EndProject
Global
	GlobalSection(SolutionConfigurationPlatforms) = preSolution
		Debug|Any CPU = Debug|Any CPU
		Release|Any CPU = Release|Any CPU
	EndGlobalSection
	GlobalSection(ProjectConfigurationPlatforms) = postSolution
		{C1312A5A-A50D-4BB1-95A1-8C15DB74D189}.Debug|Any CPU.ActiveCfg = Debug|Any CPU
		{C1312A5A-A50D-4BB1-95A1-8C15DB74D189}.Debug|Any CPU.Build.0 = Debug|Any CPU
		{C1312A5A-A50D-4BB1-95A1-8C15DB74D189}.Release|Any CPU.ActiveCfg = Release|Any CPU
		{C1312A5A-A50D-4BB1-95A1-8C15DB74D189}.Release|Any CPU.Build.0 = Release|Any CPU
	EndGlobalSection
	GlobalSection(SolutionProperties) = preSolution
		HideSolutionNode = FALSE
	EndGlobalSection
	GlobalSection(ExtensibilityGlobals) = postSolution
		SolutionGuid = {0ED472B8-3622-44A3-9870-0D58152CB675}
	EndGlobalSection
EndGlobal
